
Microsoft Visual Studio Solution File, Format Version 12.00
# Visual Studio Version 16
VisualStudioVersion = 16.0.30611.23
MinimumVisualStudioVersion = 10.0.40219.1
Project("{FAE04EC0-301F-11D3-BF4B-00C04F79EFBC}") = "SendBird.Api", "SendBird.Api.csproj", "{1BAE5278-1D46-4635-90AF-BD5A72B1D8E7}"
EndProject
Global
	GlobalSection(SolutionConfigurationPlatforms) = preSolution
		Debug|Any CPU = Debug|Any CPU
		Release|Any CPU = Release|Any CPU
	EndGlobalSection
	GlobalSection(ProjectConfigurationPlatforms) = postSolution
		{1BAE5278-1D46-4635-90AF-BD5A72B1D8E7}.Debug|Any CPU.ActiveCfg = Debug|Any CPU
		{1BAE5278-1D46-4635-90AF-BD5A72B1D8E7}.Debug|Any CPU.Build.0 = Debug|Any CPU
		{1BAE5278-1D46-4635-90AF-BD5A72B1D8E7}.Release|Any CPU.ActiveCfg = Release|Any CPU
		{1BAE5278-1D46-4635-90AF-BD5A72B1D8E7}.Release|Any CPU.Build.0 = Release|Any CPU
	EndGlobalSection
	GlobalSection(SolutionProperties) = preSolution
		HideSolutionNode = FALSE
	EndGlobalSection
	GlobalSection(ExtensibilityGlobals) = postSolution
		SolutionGuid = {2634110C-CDA2-4F28-ADBB-71BB2E89FE76}
	EndGlobalSection
EndGlobal
